
Microsoft Visual Studio Solution File, Format Version 12.00
# Visual Studio Version 17
VisualStudioVersion = 17.1.32421.90
MinimumVisualStudioVersion = 10.0.40219.1
Project("{9A19103F-16F7-4668-BE54-9A1E7A4F7556}") = "ApiCQRS", "ApiCQRS\ApiCQRS.csproj", "{26700CC1-0947-4139-9E5D-F8D539F38A48}"
EndProject
Project("{2150E333-8FDC-42A3-9474-1A3956D46DE8}") = "1 - Presentation", "1 - Presentation", "{DF9DC8BD-7968-420A-87F7-18DC8CE8A727}"
EndProject
Global
	GlobalSection(SolutionConfigurationPlatforms) = preSolution
		Debug|Any CPU = Debug|Any CPU
		Release|Any CPU = Release|Any CPU
	EndGlobalSection
	GlobalSection(ProjectConfigurationPlatforms) = postSolution
		{26700CC1-0947-4139-9E5D-F8D539F38A48}.Debug|Any CPU.ActiveCfg = Debug|Any CPU
		{26700CC1-0947-4139-9E5D-F8D539F38A48}.Debug|Any CPU.Build.0 = Debug|Any CPU
		{26700CC1-0947-4139-9E5D-F8D539F38A48}.Release|Any CPU.ActiveCfg = Release|Any CPU
		{26700CC1-0947-4139-9E5D-F8D539F38A48}.Release|Any CPU.Build.0 = Release|Any CPU
	EndGlobalSection
	GlobalSection(SolutionProperties) = preSolution
		HideSolutionNode = FALSE
	EndGlobalSection
	GlobalSection(NestedProjects) = preSolution
		{26700CC1-0947-4139-9E5D-F8D539F38A48} = {DF9DC8BD-7968-420A-87F7-18DC8CE8A727}
	EndGlobalSection
	GlobalSection(ExtensibilityGlobals) = postSolution
		SolutionGuid = {2F8F9A07-0A5A-4E12-8A55-44173BEE2EC4}
	EndGlobalSection
EndGlobal
